# This file was autogenerated by uv via the following command:
#    uv pip compile pyproject.toml -o requirements.lock
annotated-types==0.7.0
    # via pydantic
attrs==25.3.0
    # via hypothesis
et-xmlfile==2.0.0
    # via openpyxl
hypothesis==6.138.13
    # via trend-model (pyproject.toml)
numpy==2.3.2
    # via
    #   trend-model (pyproject.toml)
    #   pandas
openpyxl==3.1.5
    # via trend-model (pyproject.toml)
pandas==2.3.2
    # via trend-model (pyproject.toml)
pydantic==2.11.7
    # via trend-model (pyproject.toml)
pydantic-core==2.33.2
    # via pydantic
python-dateutil==2.9.0.post0
    # via pandas
pytz==2025.2
    # via pandas
pyyaml==6.0.2
    # via trend-model (pyproject.toml)
six==1.17.0
    # via python-dateutil
sortedcontainers==2.4.0
    # via hypothesis
typing-extensions==4.15.0
    # via
    #   pydantic
    #   pydantic-core
    #   typing-inspection
typing-inspection==0.4.1
    # via pydantic
tzdata==2025.2
    # via pandas
xlsxwriter==3.2.5
    # via trend-model (pyproject.toml)
