# This file was autogenerated by uv via the following command:
#    uv pip compile pyproject.toml --extra app --extra dev --extra notebooks -o requirements.lock
altair==5.5.0
    # via streamlit
annotated-doc==0.0.4
    # via fastapi
annotated-types==0.7.0
    # via pydantic
anyio==4.11.0
    # via
    #   httpx
    #   starlette
    #   watchfiles
asttokens==3.0.0
    # via stack-data
attrs==25.4.0
    # via
    #   jsonschema
    #   referencing
black==25.9.0
    # via trend-model (pyproject.toml)
blinker==1.9.0
    # via streamlit
cachetools==6.2.2
    # via streamlit
certifi==2025.11.12
    # via
    #   httpcore
    #   httpx
    #   requests
cfgv==3.4.0
    # via pre-commit
charset-normalizer==3.4.4
    # via
    #   docformatter
    #   requests
click==8.3.0
    # via
    #   black
    #   streamlit
    #   uvicorn
comm==0.2.3
    # via ipywidgets
contourpy==1.3.3
    # via matplotlib
coverage==7.11.0
    # via
    #   trend-model (pyproject.toml)
    #   pytest-cov
cycler==0.12.1
    # via matplotlib
decorator==5.2.1
    # via ipython
defusedxml==0.7.1
    # via fpdf2
distlib==0.4.0
    # via virtualenv
docformatter==1.7.7
    # via trend-model (pyproject.toml)
et-xmlfile==2.0.0
    # via openpyxl
executing==2.2.1
    # via stack-data
fastapi==0.121.2
    # via trend-model (pyproject.toml)
fastjsonschema==2.21.2
    # via nbformat
filelock==3.20.0
    # via virtualenv
flake8==7.3.0
    # via trend-model (pyproject.toml)
fonttools==4.60.1
    # via
    #   fpdf2
    #   matplotlib
fpdf2==2.8.5
    # via trend-model (pyproject.toml)
gitdb==4.0.12
    # via gitpython
gitpython==3.1.45
    # via streamlit
h11==0.16.0
    # via
    #   httpcore
    #   uvicorn
httpcore==1.0.9
    # via httpx
httptools==0.7.1
    # via uvicorn
httpx==0.28.1
    # via trend-model (pyproject.toml)
hypothesis==6.147.0
    # via trend-model (pyproject.toml)
identify==2.6.15
    # via pre-commit
idna==3.11
    # via
    #   anyio
    #   httpx
    #   requests
iniconfig==2.3.0
    # via pytest
ipyfilechooser==0.6.0
    # via trend-model (pyproject.toml)
ipython==9.7.0
    # via ipywidgets
ipython-pygments-lexers==1.1.1
    # via ipython
ipywidgets==8.1.8
    # via
    #   trend-model (pyproject.toml)
    #   ipyfilechooser
isort==7.0.0
    # via trend-model (pyproject.toml)
jedi==0.19.2
    # via ipython
jinja2==3.1.6
    # via
    #   altair
    #   pydeck
joblib==1.5.2
    # via trend-model (pyproject.toml)
jsonschema==4.25.1
    # via
    #   trend-model (pyproject.toml)
    #   altair
    #   nbformat
jsonschema-specifications==2025.9.1
    # via jsonschema
jupyter-core==5.9.1
    # via nbformat
jupyterlab-widgets==3.0.16
    # via ipywidgets
kiwisolver==1.4.9
    # via matplotlib
markupsafe==3.0.3
    # via jinja2
matplotlib==3.10.7
    # via trend-model (pyproject.toml)
matplotlib-inline==0.2.1
    # via ipython
mccabe==0.7.0
    # via flake8
multimethod==1.10
    # via pandera
mypy==1.18.2
    # via trend-model (pyproject.toml)
mypy-extensions==1.1.0
    # via
    #   black
    #   mypy
    #   typing-inspect
narwhals==2.11.0
    # via altair
nbformat==5.10.4
    # via trend-model (pyproject.toml)
nodeenv==1.9.1
    # via pre-commit
numpy==2.3.4
    # via
    #   trend-model (pyproject.toml)
    #   contourpy
    #   matplotlib
    #   pandas
    #   pandera
    #   pydeck
    #   scipy
    #   streamlit
openpyxl==3.1.5
    # via trend-model (pyproject.toml)
packaging==25.0
    # via
    #   trend-model (pyproject.toml)
    #   altair
    #   black
    #   matplotlib
    #   pandera
    #   pytest
    #   pytest-rerunfailures
    #   streamlit
pandas==2.3.3
    # via
    #   trend-model (pyproject.toml)
    #   pandera
    #   streamlit
pandera==0.20.4
    # via trend-model (pyproject.toml)
parso==0.8.5
    # via jedi
pathspec==0.12.1
    # via
    #   black
    #   mypy
pexpect==4.9.0
    # via ipython
pillow==12.0.0
    # via
    #   fpdf2
    #   matplotlib
    #   streamlit
platformdirs==4.5.0
    # via
    #   black
    #   jupyter-core
    #   virtualenv
pluggy==1.6.0
    # via
    #   pytest
    #   pytest-cov
pre-commit==4.4.0
    # via trend-model (pyproject.toml)
prompt-toolkit==3.0.52
    # via ipython
protobuf==6.33.1
    # via streamlit
ptyprocess==0.7.0
    # via pexpect
pure-eval==0.2.3
    # via stack-data
pyarrow==21.0.0
    # via streamlit
pycodestyle==2.14.0
    # via flake8
pydantic==2.12.4
    # via
    #   trend-model (pyproject.toml)
    #   fastapi
    #   pandera
pydantic-core==2.41.5
    # via pydantic
pydeck==0.9.1
    # via streamlit
pyflakes==3.4.0
    # via flake8
pygments==2.19.2
    # via
    #   ipython
    #   ipython-pygments-lexers
    #   pytest
pyparsing==3.2.5
    # via matplotlib
pytest==8.4.2
    # via
    #   trend-model (pyproject.toml)
    #   pytest-cov
    #   pytest-rerunfailures
pytest-cov==7.0.0
    # via trend-model (pyproject.toml)
pytest-rerunfailures==16.1
    # via trend-model (pyproject.toml)
python-dateutil==2.9.0.post0
    # via
    #   matplotlib
    #   pandas
python-dotenv==1.2.1
    # via uvicorn
pytokens==0.3.0
    # via black
pytz==2025.2
    # via pandas
pyyaml==6.0.3
    # via
    #   trend-model (pyproject.toml)
    #   pre-commit
    #   uvicorn
referencing==0.37.0
    # via
    #   jsonschema
    #   jsonschema-specifications
requests==2.32.5
    # via
    #   trend-model (pyproject.toml)
    #   streamlit
rpds-py==0.28.0
    # via
    #   jsonschema
    #   referencing
ruff==0.14.3
    # via trend-model (pyproject.toml)
scipy==1.16.3
    # via trend-model (pyproject.toml)
six==1.17.0
    # via python-dateutil
smmap==5.0.2
    # via gitdb
sniffio==1.3.1
    # via anyio
sortedcontainers==2.4.0
    # via hypothesis
stack-data==0.6.3
    # via ipython
starlette==0.49.3
    # via fastapi
streamlit==1.51.0
    # via
    #   trend-model (pyproject.toml)
    #   streamlit-sortables
streamlit-sortables==0.3.1
    # via trend-model (pyproject.toml)
tenacity==9.1.2
    # via streamlit
toml==0.10.2
    # via streamlit
tomlkit==0.13.3
    # via trend-model (pyproject.toml)
tornado==6.5.2
    # via streamlit
traitlets==5.14.3
    # via
    #   ipython
    #   ipywidgets
    #   jupyter-core
    #   matplotlib-inline
    #   nbformat
typeguard==4.4.4
    # via pandera
types-pyyaml==6.0.12.20250915
    # via trend-model (pyproject.toml)
types-requests==2.32.4.20250913
    # via trend-model (pyproject.toml)
typing-extensions==4.15.0
    # via
    #   altair
    #   anyio
    #   fastapi
    #   ipython
    #   mypy
    #   pydantic
    #   pydantic-core
    #   referencing
    #   starlette
    #   streamlit
    #   typeguard
    #   typing-inspect
    #   typing-inspection
typing-inspect==0.9.0
    # via pandera
typing-inspection==0.4.2
    # via pydantic
tzdata==2025.2
    # via pandas
untokenize==0.1.1
    # via docformatter
urllib3==2.5.0
    # via
    #   requests
    #   types-requests
uvicorn==0.38.0
    # via trend-model (pyproject.toml)
uvloop==0.22.1
    # via uvicorn
virtualenv==20.35.4
    # via pre-commit
watchdog==6.0.0
    # via streamlit
watchfiles==1.1.1
    # via uvicorn
wcwidth==0.2.14
    # via prompt-toolkit
websockets==15.0.1
    # via uvicorn
widgetsnbextension==4.0.15
    # via ipywidgets
wrapt==2.0.1
    # via pandera
xlsxwriter==3.2.9
    # via trend-model (pyproject.toml)
